{
  "originHash" : "dca0bd4aae994bff27b7e2bbd5d629fb5cd1dcca22ebb5eac0672647e4ffb379",
  "pins" : [
    {
      "identity" : "swift-async-dns-resolver",
      "kind" : "remoteSourceControl",
      "location" : "https://github.com/apple/swift-async-dns-resolver",
      "state" : {
        "revision" : "b7079b75cd604bc675af080edef56b486decb155",
        "version" : "0.3.1"
      }
    }
  ],
  "version" : 3
}
